
Microsoft Visual Studio Solution File, Format Version 12.00
# Visual Studio 15
VisualStudioVersion = 15.0.28307.421
MinimumVisualStudioVersion = 10.0.40219.1
Project("{FAE04EC0-301F-11D3-BF4B-00C04F79EFBC}") = "KnapsackAlgorithm", "KnapsackAlgorithm\KnapsackAlgorithm.csproj", "{73AE1A80-753F-4A6D-958B-6E405E20A808}"
EndProject
Project("{FAE04EC0-301F-11D3-BF4B-00C04F79EFBC}") = "KnapsackAlgorithm.Tests", "UnitTestProject1\KnapsackAlgorithm.Tests.csproj", "{C4E056A5-D0B9-496E-BDBB-3ACB3B5E6DF2}"
EndProject
Global
	GlobalSection(SolutionConfigurationPlatforms) = preSolution
		Debug|Any CPU = Debug|Any CPU
		Release|Any CPU = Release|Any CPU
	EndGlobalSection
	GlobalSection(ProjectConfigurationPlatforms) = postSolution
		{73AE1A80-753F-4A6D-958B-6E405E20A808}.Debug|Any CPU.ActiveCfg = Debug|Any CPU
		{73AE1A80-753F-4A6D-958B-6E405E20A808}.Debug|Any CPU.Build.0 = Debug|Any CPU
		{73AE1A80-753F-4A6D-958B-6E405E20A808}.Release|Any CPU.ActiveCfg = Release|Any CPU
		{73AE1A80-753F-4A6D-958B-6E405E20A808}.Release|Any CPU.Build.0 = Release|Any CPU
		{C4E056A5-D0B9-496E-BDBB-3ACB3B5E6DF2}.Debug|Any CPU.ActiveCfg = Debug|Any CPU
		{C4E056A5-D0B9-496E-BDBB-3ACB3B5E6DF2}.Debug|Any CPU.Build.0 = Debug|Any CPU
		{C4E056A5-D0B9-496E-BDBB-3ACB3B5E6DF2}.Release|Any CPU.ActiveCfg = Release|Any CPU
		{C4E056A5-D0B9-496E-BDBB-3ACB3B5E6DF2}.Release|Any CPU.Build.0 = Release|Any CPU
	EndGlobalSection
	GlobalSection(SolutionProperties) = preSolution
		HideSolutionNode = FALSE
	EndGlobalSection
	GlobalSection(ExtensibilityGlobals) = postSolution
		SolutionGuid = {4901AAA8-4769-45E4-AC65-A45DFA22E6C8}
	EndGlobalSection
EndGlobal
